<?xml version="1.0" encoding="utf-8"?>
<Project ToolsVersion="4.0" xmlns="http://schemas.microsoft.com/developer/msbuild/2003">
  <ItemGroup>
    <Filter Include="include">
      <UniqueIdentifier>{93995380-89BD-4b04-88EB-625FBE52EBFB}</UniqueIdentifier>
      <Extensions>h;hh;hpp;hxx;h++;hm;inl;inc;ipp;xsd</Extensions>
    </Filter>
    <Filter Include="include\klang">
      <UniqueIdentifier>{5ef68d39-635e-4065-ad27-1fdb01b3fb93}</UniqueIdentifier>
    </Filter>
    <Filter Include="Klang Projects">
      <UniqueIdentifier>{ea62f594-b2fe-4330-9d91-e4067d38a39f}</UniqueIdentifier>
    </Filter>
  </ItemGroup>
  <ItemGroup>
    <ClInclude Include="..\..\..\..\release\klang\include\klang\tests.h">
      <Filter>include\klang</Filter>
    </ClInclude>
    <ClInclude Include="..\..\..\..\release\klang\include\dsp.h">
      <Filter>include</Filter>
    </ClInclude>
    <ClInclude Include="..\..\..\..\release\klang\include\KEffect.h">
      <Filter>include</Filter>
    </ClInclude>
    <ClInclude Include="..\..\..\..\release\klang\include\klang.h">
      <Filter>include</Filter>
    </ClInclude>
    <ClInclude Include="..\..\..\..\release\klang\include\KSynth.h">
      <Filter>include</Filter>
    </ClInclude>
    <ClInclude Include="..\..\..\..\release\klang\include\plugin.h">
      <Filter>include</Filter>
    </ClInclude>
    <ClInclude Include="C:\Users\Chris Nash\Documents\Klang Projects\include\dsp.h">
      <Filter>Klang Projects</Filter>
    </ClInclude>
    <ClInclude Include="C:\Users\Chris Nash\Documents\Klang Projects\include\KEffect.h">
      <Filter>Klang Projects</Filter>
    </ClInclude>
    <ClInclude Include="C:\Users\Chris Nash\Documents\Klang Projects\include\klang.h">
      <Filter>Klang Projects</Filter>
    </ClInclude>
    <ClInclude Include="C:\Users\Chris Nash\Documents\Klang Projects\include\KSynth.h">
      <Filter>Klang Projects</Filter>
    </ClInclude>
    <ClInclude Include="C:\Users\Chris Nash\Documents\Klang Projects\include\plugin.h">
      <Filter>Klang Projects</Filter>
    </ClInclude>
  </ItemGroup>
  <ItemGroup>
    <None Include="..\..\..\..\release\klang\klang.dll" />
    <None Include="..\..\..\..\release\klang\klang.exe" />
  </ItemGroup>
  <ItemGroup>
    <ClCompile Include="..\..\..\..\release\klang\include\KEffect.cpp">
      <Filter>include</Filter>
    </ClCompile>
    <ClCompile Include="..\..\..\..\release\klang\include\KSynth.cpp">
      <Filter>include</Filter>
    </ClCompile>
    <ClCompile Include="..\..\..\..\release\klang\include\wasm.cpp">
      <Filter>include</Filter>
    </ClCompile>
    <ClCompile Include="C:\Users\Chris Nash\Documents\Klang Projects\include\KEffect.cpp">
      <Filter>Klang Projects</Filter>
    </ClCompile>
    <ClCompile Include="C:\Users\Chris Nash\Documents\Klang Projects\include\KSynth.cpp">
      <Filter>Klang Projects</Filter>
    </ClCompile>
  </ItemGroup>
  <ItemGroup>
    <Natvis Include="..\..\..\..\release\klang\include\klang.natvis">
      <Filter>include</Filter>
    </Natvis>
  </ItemGroup>
</Project>